// !$*UTF8*$!
{
	archiveVersion = 1;
	classes = {
	};
	objectVersion = 46;
	objects = {

/* Begin PBXBuildFile section */
		D03675571BB30BE80018CE36 /* main.cpp in Sources */ = {isa = PBXBuildFile; fileRef = D03675561BB30BE80018CE36 /* main.cpp */; };
		D036755F1BB9D2F10018CE36 /* ReverseTable.cpp in Sources */ = {isa = PBXBuildFile; fileRef = D036755D1BB9D2F10018CE36 /* ReverseTable.cpp */; };
/* End PBXBuildFile section */

/* Begin PBXCopyFilesBuildPhase section */
		D03675511BB30BE80018CE36 /* CopyFiles */ = {
			isa = PBXCopyFilesBuildPhase;
			buildActionMask = 2147483647;
			dstPath = /usr/share/man/man1/;
			dstSubfolderSpec = 0;
			files = (
			);
			runOnlyForDeploymentPostprocessing = 1;
		};
/* End PBXCopyFilesBuildPhase section */

/* Begin PBXFileReference section */
		D03675531BB30BE80018CE36 /* TestCPP */ = {isa = PBXFileReference; explicitFileType = "compiled.mach-o.executable"; includeInIndex = 0; path = TestCPP; sourceTree = BUILT_PRODUCTS_DIR; };
		D03675561BB30BE80018CE36 /* main.cpp */ = {isa = PBXFileReference; lastKnownFileType = sourcecode.cpp.cpp; path = main.cpp; sourceTree = "<group>"; };
		D036755D1BB9D2F10018CE36 /* ReverseTable.cpp */ = {isa = PBXFileReference; fileEncoding = 4; lastKnownFileType = sourcecode.cpp.cpp; path = ReverseTable.cpp; sourceTree = "<group>"; };
		D036755E1BB9D2F10018CE36 /* ReverseTable.hpp */ = {isa = PBXFileReference; fileEncoding = 4; lastKnownFileType = sourcecode.cpp.h; path = ReverseTable.hpp; sourceTree = "<group>"; };
		D0FA63211BDFDA390067A7E9 /* Array */ = {isa = PBXFileReference; lastKnownFileType = folder; path = Array; sourceTree = "<group>"; };
		D0FA63221BDFDA390067A7E9 /* BinaryTree */ = {isa = PBXFileReference; lastKnownFileType = folder; path = BinaryTree; sourceTree = "<group>"; };
/* End PBXFileReference section */

/* Begin PBXFrameworksBuildPhase section */
		D03675501BB30BE80018CE36 /* Frameworks */ = {
			isa = PBXFrameworksBuildPhase;
			buildActionMask = 2147483647;
			files = (
			);
			runOnlyForDeploymentPostprocessing = 0;
		};
/* End PBXFrameworksBuildPhase section */

/* Begin PBXGroup section */
		D036754A1BB30BE80018CE36 = {
			isa = PBXGroup;
			children = (
				D03675551BB30BE80018CE36 /* TestCPP */,
				D03675541BB30BE80018CE36 /* Products */,
			);
			sourceTree = "<group>";
		};
		D03675541BB30BE80018CE36 /* Products */ = {
			isa = PBXGroup;
			children = (
				D03675531BB30BE80018CE36 /* TestCPP */,
			);
			name = Products;
			sourceTree = "<group>";
		};
		D03675551BB30BE80018CE36 /* TestCPP */ = {
			isa = PBXGroup;
			children = (
				D0FA63211BDFDA390067A7E9 /* Array */,
				D0FA63221BDFDA390067A7E9 /* BinaryTree */,
				D03675561BB30BE80018CE36 /* main.cpp */,
				D036755E1BB9D2F10018CE36 /* ReverseTable.hpp */,
				D036755D1BB9D2F10018CE36 /* ReverseTable.cpp */,
			);
			path = TestCPP;
			sourceTree = "<group>";
		};
/* End PBXGroup section */

/* Begin PBXNativeTarget section */
		D03675521BB30BE80018CE36 /* TestCPP */ = {
			isa = PBXNativeTarget;
			buildConfigurationList = D036755A1BB30BE80018CE36 /* Build configuration list for PBXNativeTarget "TestCPP" */;
			buildPhases = (
				D036754F1BB30BE80018CE36 /* Sources */,
				D03675501BB30BE80018CE36 /* Frameworks */,
				D03675511BB30BE80018CE36 /* CopyFiles */,
			);
			buildRules = (
			);
			dependencies = (
			);
			name = TestCPP;
			productName = TestCPP;
			productReference = D03675531BB30BE80018CE36 /* TestCPP */;
			productType = "com.apple.product-type.tool";
		};
/* End PBXNativeTarget section */

/* Begin PBXProject section */
		D036754B1BB30BE80018CE36 /* Project object */ = {
			isa = PBXProject;
			attributes = {
				LastUpgradeCheck = 0700;
				ORGANIZATIONNAME = sibinlu;
				TargetAttributes = {
					D03675521BB30BE80018CE36 = {
						CreatedOnToolsVersion = 7.0;
					};
				};
			};
			buildConfigurationList = D036754E1BB30BE80018CE36 /* Build configuration list for PBXProject "TestCPP" */;
			compatibilityVersion = "Xcode 3.2";
			developmentRegion = English;
			hasScannedForEncodings = 0;
			knownRegions = (
				en,
			);
			mainGroup = D036754A1BB30BE80018CE36;
			productRefGroup = D03675541BB30BE80018CE36 /* Products */;
			projectDirPath = "";
			projectRoot = "";
			targets = (
				D03675521BB30BE80018CE36 /* TestCPP */,
			);
		};
/* End PBXProject section */

/* Begin PBXSourcesBuildPhase section */
		D036754F1BB30BE80018CE36 /* Sources */ = {
			isa = PBXSourcesBuildPhase;
			buildActionMask = 2147483647;
			files = (
				D03675571BB30BE80018CE36 /* main.cpp in Sources */,
				D036755F1BB9D2F10018CE36 /* ReverseTable.cpp in Sources */,
			);
			runOnlyForDeploymentPostprocessing = 0;
		};
/* End PBXSourcesBuildPhase section */

/* Begin XCBuildConfiguration section */
		D03675581BB30BE80018CE36 /* Debug */ = {
			isa = XCBuildConfiguration;
			buildSettings = {
				ALWAYS_SEARCH_USER_PATHS = NO;
				CLANG_CXX_LANGUAGE_STANDARD = "gnu++0x";
				CLANG_CXX_LIBRARY = "libc++";
				CLANG_ENABLE_MODULES = YES;
				CLANG_ENABLE_OBJC_ARC = YES;
				CLANG_WARN_BOOL_CONVERSION = YES;
				CLANG_WARN_CONSTANT_CONVERSION = YES;
				CLANG_WARN_DIRECT_OBJC_ISA_USAGE = YES_ERROR;
				CLANG_WARN_EMPTY_BODY = YES;
				CLANG_WARN_ENUM_CONVERSION = YES;
				CLANG_WARN_INT_CONVERSION = YES;
				CLANG_WARN_OBJC_ROOT_CLASS = YES_ERROR;
				CLANG_WARN_UNREACHABLE_CODE = YES;
				CLANG_WARN__DUPLICATE_METHOD_MATCH = YES;
				COPY_PHASE_STRIP = NO;
				DEBUG_INFORMATION_FORMAT = dwarf;
				ENABLE_STRICT_OBJC_MSGSEND = YES;
				ENABLE_TESTABILITY = YES;
				GCC_C_LANGUAGE_STANDARD = gnu99;
				GCC_DYNAMIC_NO_PIC = NO;
				GCC_NO_COMMON_BLOCKS = YES;
				GCC_OPTIMIZATION_LEVEL = 0;
				GCC_PREPROCESSOR_DEFINITIONS = (
					"DEBUG=1",
					"$(inherited)",
				);
				GCC_WARN_64_TO_32_BIT_CONVERSION = YES;
				GCC_WARN_ABOUT_RETURN_TYPE = YES_ERROR;
				GCC_WARN_UNDECLARED_SELECTOR = YES;
				GCC_WARN_UNINITIALIZED_AUTOS = YES_AGGRESSIVE;
				GCC_WARN_UNUSED_FUNCTION = YES;
				GCC_WARN_UNUSED_VARIABLE = YES;
				MACOSX_DEPLOYMENT_TARGET = 10.10;
				MTL_ENABLE_DEBUG_INFO = YES;
				ONLY_ACTIVE_ARCH = YES;
				SDKROOT = macosx;
			};
			name = Debug;
		};
		D03675591BB30BE80018CE36 /* Release */ = {
			isa = XCBuildConfiguration;
			buildSettings = {
				ALWAYS_SEARCH_USER_PATHS = NO;
				CLANG_CXX_LANGUAGE_STANDARD = "gnu++0x";
				CLANG_CXX_LIBRARY = "libc++";
				CLANG_ENABLE_MODULES = YES;
				CLANG_ENABLE_OBJC_ARC = YES;
				CLANG_WARN_BOOL_CONVERSION = YES;
				CLANG_WARN_CONSTANT_CONVERSION = YES;
				CLANG_WARN_DIRECT_OBJC_ISA_USAGE = YES_ERROR;
				CLANG_WARN_EMPTY_BODY = YES;
				CLANG_WARN_ENUM_CONVERSION = YES;
				CLANG_WARN_INT_CONVERSION = YES;
				CLANG_WARN_OBJC_ROOT_CLASS = YES_ERROR;
				CLANG_WARN_UNREACHABLE_CODE = YES;
				CLANG_WARN__DUPLICATE_METHOD_MATCH = YES;
				COPY_PHASE_STRIP = NO;
				DEBUG_INFORMATION_FORMAT = "dwarf-with-dsym";
				ENABLE_NS_ASSERTIONS = NO;
				ENABLE_STRICT_OBJC_MSGSEND = YES;
				GCC_C_LANGUAGE_STANDARD = gnu99;
				GCC_NO_COMMON_BLOCKS = YES;
				GCC_WARN_64_TO_32_BIT_CONVERSION = YES;
				GCC_WARN_ABOUT_RETURN_TYPE = YES_ERROR;
				GCC_WARN_UNDECLARED_SELECTOR = YES;
				GCC_WARN_UNINITIALIZED_AUTOS = YES_AGGRESSIVE;
				GCC_WARN_UNUSED_FUNCTION = YES;
				GCC_WARN_UNUSED_VARIABLE = YES;
				MACOSX_DEPLOYMENT_TARGET = 10.10;
				MTL_ENABLE_DEBUG_INFO = NO;
				SDKROOT = macosx;
			};
			name = Release;
		};
		D036755B1BB30BE80018CE36 /* Debug */ = {
			isa = XCBuildConfiguration;
			buildSettings = {
				PRODUCT_NAME = "$(TARGET_NAME)";
			};
			name = Debug;
		};
		D036755C1BB30BE80018CE36 /* Release */ = {
			isa = XCBuildConfiguration;
			buildSettings = {
				PRODUCT_NAME = "$(TARGET_NAME)";
			};
			name = Release;
		};
/* End XCBuildConfiguration section */

/* Begin XCConfigurationList section */
		D036754E1BB30BE80018CE36 /* Build configuration list for PBXProject "TestCPP" */ = {
			isa = XCConfigurationList;
			buildConfigurations = (
				D03675581BB30BE80018CE36 /* Debug */,
				D03675591BB30BE80018CE36 /* Release */,
			);
			defaultConfigurationIsVisible = 0;
			defaultConfigurationName = Release;
		};
		D036755A1BB30BE80018CE36 /* Build configuration list for PBXNativeTarget "TestCPP" */ = {
			isa = XCConfigurationList;
			buildConfigurations = (
				D036755B1BB30BE80018CE36 /* Debug */,
				D036755C1BB30BE80018CE36 /* Release */,
			);
			defaultConfigurationIsVisible = 0;
			defaultConfigurationName = Release;
		};
/* End XCConfigurationList section */
	};
	rootObject = D036754B1BB30BE80018CE36 /* Project object */;
}
